
Microsoft Visual Studio Solution File, Format Version 12.00
# Visual Studio 15
VisualStudioVersion = 15.0.26430.12
MinimumVisualStudioVersion = 10.0.40219.1
Project("{FAE04EC0-301F-11D3-BF4B-00C04F79EFBC}") = "GettingStarted", "GettingStarted.csproj", "{D7D1BDB2-9420-4784-9380-AC22404FD0B5}"
EndProject
Project("{FAE04EC0-301F-11D3-BF4B-00C04F79EFBC}") = "FavoriteFood", "..\FavoriteFood\FavoriteFood.csproj", "{B3D7C14B-8D02-4B2A-BDF5-C02A586E2C22}"
EndProject
Global
	GlobalSection(SolutionConfigurationPlatforms) = preSolution
		Debug|Any CPU = Debug|Any CPU
		Release|Any CPU = Release|Any CPU
	EndGlobalSection
	GlobalSection(ProjectConfigurationPlatforms) = postSolution
		{D7D1BDB2-9420-4784-9380-AC22404FD0B5}.Debug|Any CPU.ActiveCfg = Debug|Any CPU
		{D7D1BDB2-9420-4784-9380-AC22404FD0B5}.Debug|Any CPU.Build.0 = Debug|Any CPU
		{D7D1BDB2-9420-4784-9380-AC22404FD0B5}.Release|Any CPU.ActiveCfg = Release|Any CPU
		{D7D1BDB2-9420-4784-9380-AC22404FD0B5}.Release|Any CPU.Build.0 = Release|Any CPU
		{B3D7C14B-8D02-4B2A-BDF5-C02A586E2C22}.Debug|Any CPU.ActiveCfg = Debug|Any CPU
		{B3D7C14B-8D02-4B2A-BDF5-C02A586E2C22}.Debug|Any CPU.Build.0 = Debug|Any CPU
		{B3D7C14B-8D02-4B2A-BDF5-C02A586E2C22}.Release|Any CPU.ActiveCfg = Release|Any CPU
		{B3D7C14B-8D02-4B2A-BDF5-C02A586E2C22}.Release|Any CPU.Build.0 = Release|Any CPU
	EndGlobalSection
	GlobalSection(SolutionProperties) = preSolution
		HideSolutionNode = FALSE
	EndGlobalSection
EndGlobal
